
Microsoft Visual Studio Solution File, Format Version 12.00
# Visual Studio Version 17
VisualStudioVersion = 17.14.36908.2
MinimumVisualStudioVersion = 10.0.40219.1
Project("{FAE04EC0-301F-11D3-BF4B-00C04F79EFBC}") = "Bande_dessinee", "Bande_dessinee.csproj", "{E371FBA9-421C-4E86-B90C-27071275195E}"
EndProject
Global
	GlobalSection(SolutionConfigurationPlatforms) = preSolution
		Debug|Any CPU = Debug|Any CPU
		Release|Any CPU = Release|Any CPU
	EndGlobalSection
	GlobalSection(ProjectConfigurationPlatforms) = postSolution
		{E371FBA9-421C-4E86-B90C-27071275195E}.Debug|Any CPU.ActiveCfg = Debug|Any CPU
		{E371FBA9-421C-4E86-B90C-27071275195E}.Debug|Any CPU.Build.0 = Debug|Any CPU
		{E371FBA9-421C-4E86-B90C-27071275195E}.Release|Any CPU.ActiveCfg = Release|Any CPU
		{E371FBA9-421C-4E86-B90C-27071275195E}.Release|Any CPU.Build.0 = Release|Any CPU
	EndGlobalSection
	GlobalSection(SolutionProperties) = preSolution
		HideSolutionNode = FALSE
	EndGlobalSection
	GlobalSection(ExtensibilityGlobals) = postSolution
		SolutionGuid = {0C677E05-886E-4A23-8AFC-597CE7073335}
	EndGlobalSection
EndGlobal
